{
  "name": "crawler",
  "version": "1.0.0",
  "lockfileVersion": 1,
  "requires": true,
  "dependencies": {
    "node-html-crawler": {
      "version": "1.2.1",
      "resolved": "https://registry.npmjs.org/node-html-crawler/-/node-html-crawler-1.2.1.tgz",
      "integrity": "sha512-i0bwQMBqjguNC3EGaCDlh97YY7ydEZs0HETJrucBDqDd+fdiDXTVVGubJ35n38IO0Ww2w1cBXe873Kg3Jwl9hA=="
    }
  }
}
